
Microsoft Visual Studio Solution File, Format Version 11.00
# Visual Studio 2010
Project("{FAE04EC0-301F-11D3-BF4B-00C04F79EFBC}") = "CatLikeStuff", "Assembly-CSharp.csproj", "{C643882F-467F-D7F2-D754-3379353DD167}"
EndProject
Global
	GlobalSection(SolutionConfigurationPlatforms) = preSolution
		Debug|Any CPU = Debug|Any CPU
		Release|Any CPU = Release|Any CPU
	EndGlobalSection
	GlobalSection(ProjectConfigurationPlatforms) = postSolution
		{C643882F-467F-D7F2-D754-3379353DD167}.Debug|Any CPU.ActiveCfg = Debug|Any CPU
		{C643882F-467F-D7F2-D754-3379353DD167}.Debug|Any CPU.Build.0 = Debug|Any CPU
		{C643882F-467F-D7F2-D754-3379353DD167}.Release|Any CPU.ActiveCfg = Release|Any CPU
		{C643882F-467F-D7F2-D754-3379353DD167}.Release|Any CPU.Build.0 = Release|Any CPU
	EndGlobalSection
	GlobalSection(SolutionProperties) = preSolution
		HideSolutionNode = FALSE
	EndGlobalSection
	GlobalSection(MonoDevelopProperties) = preSolution
		StartupItem = Assembly-CSharp.csproj
	EndGlobalSection
EndGlobal
